# This file is @generated by PDM.
# It is not intended for manual editing.

[metadata]
groups = ["default"]
strategy = ["inherit_metadata"]
lock_version = "4.5.0"
content_hash = "sha256:1576c032617168255505cb6b4ce625accfce9e4ffb96896d1caa4a78295704a0"

[[metadata.targets]]
requires_python = ">=3.9"

[[package]]
name = "robotframework"
version = "7.3.2"
requires_python = ">=3.8"
summary = "Generic automation framework for acceptance testing and robotic process automation (RPA)"
groups = ["default"]
files = [
    {file = "robotframework-7.3.2-py3-none-any.whl", hash = "sha256:14ef2afa905285cc073df6ce06d0cd3af4a113df6f815532718079e00c98cca4"},
    {file = "robotframework-7.3.2.tar.gz", hash = "sha256:3bb3e299831ecb1664f3d5082f6ff9f08ba82d61a745bef2227328ef3049e93a"},
]
